
Microsoft Visual Studio Solution File, Format Version 12.00
# Visual Studio Version 16
VisualStudioVersion = 16.0.30204.135
MinimumVisualStudioVersion = 10.0.40219.1
Project("{FAE04EC0-301F-11D3-BF4B-00C04F79EFBC}") = "GigHub2", "GigHub2\GigHub2.csproj", "{B520911E-46DF-4514-AE86-BA46B0374C14}"
EndProject
Global
	GlobalSection(SolutionConfigurationPlatforms) = preSolution
		Debug|Any CPU = Debug|Any CPU
		Release|Any CPU = Release|Any CPU
	EndGlobalSection
	GlobalSection(ProjectConfigurationPlatforms) = postSolution
		{B520911E-46DF-4514-AE86-BA46B0374C14}.Debug|Any CPU.ActiveCfg = Debug|Any CPU
		{B520911E-46DF-4514-AE86-BA46B0374C14}.Debug|Any CPU.Build.0 = Debug|Any CPU
		{B520911E-46DF-4514-AE86-BA46B0374C14}.Release|Any CPU.ActiveCfg = Release|Any CPU
		{B520911E-46DF-4514-AE86-BA46B0374C14}.Release|Any CPU.Build.0 = Release|Any CPU
	EndGlobalSection
	GlobalSection(SolutionProperties) = preSolution
		HideSolutionNode = FALSE
	EndGlobalSection
	GlobalSection(ExtensibilityGlobals) = postSolution
		SolutionGuid = {6698DAD1-1383-4446-A55B-CCCC7A6A9438}
	EndGlobalSection
EndGlobal
